
Microsoft Visual Studio Solution File, Format Version 12.00
# Visual Studio Version 16
VisualStudioVersion = 16.0.810.8
MinimumVisualStudioVersion = 10.0.40219.1
Project("{FAE04EC0-301F-11D3-BF4B-00C04F79EFBC}") = "consoleApp", "consoleApp\consoleApp.csproj", "{97D1060F-ECD6-4937-85E9-FA5044D2548B}"
EndProject
Project("{FAE04EC0-301F-11D3-BF4B-00C04F79EFBC}") = "classlar", "classlar\classlar.csproj", "{5D675BE5-AA5F-4C40-BFB9-895648F301DA}"
EndProject
Project("{FAE04EC0-301F-11D3-BF4B-00C04F79EFBC}") = "methods", "methods\methods.csproj", "{2D99968D-4584-4CEB-B439-D5753EDD863C}"
EndProject
Project("{FAE04EC0-301F-11D3-BF4B-00C04F79EFBC}") = "Math", "Math\Math.csproj", "{4951EBBE-6948-4022-934C-B4383924F4DD}"
EndProject
Project("{FAE04EC0-301F-11D3-BF4B-00C04F79EFBC}") = "ValueTypeAndReferenceType", "ValueTypeAndReferenceType\ValueTypeAndReferenceType.csproj", "{36B7E494-0A47-466B-B1CB-D9A749DB1362}"
EndProject
Project("{FAE04EC0-301F-11D3-BF4B-00C04F79EFBC}") = "Gun4Odev3", "Gun4Odev3\Gun4Odev3.csproj", "{FCA05627-3031-488A-BE1B-01FAF2FC51DD}"
EndProject
Project("{FAE04EC0-301F-11D3-BF4B-00C04F79EFBC}") = "OOPOne", "OOPOne\OOPOne.csproj", "{E86C393E-9D8C-4CF5-B962-57EAB15460FF}"
EndProject
Project("{FAE04EC0-301F-11D3-BF4B-00C04F79EFBC}") = "Collections", "Collections\Collections.csproj", "{2D49D667-BCBE-44E8-BEA9-59A4213B5167}"
EndProject
Project("{FAE04EC0-301F-11D3-BF4B-00C04F79EFBC}") = "GenericsIntro", "GenericsIntro\GenericsIntro.csproj", "{392D68FC-20F8-4249-B596-C21124C553A5}"
EndProject
Project("{FAE04EC0-301F-11D3-BF4B-00C04F79EFBC}") = "Constructors", "Constructors\Constructors.csproj", "{FBB8C91B-547F-4D2F-8295-5C6EF7CCB797}"
EndProject
Project("{FAE04EC0-301F-11D3-BF4B-00C04F79EFBC}") = "Gun4Odev5", "Gun4Odev5\Gun4Odev5.csproj", "{E83441EB-F23A-4B1F-869D-7D5C0EEB18BD}"
EndProject
Project("{FAE04EC0-301F-11D3-BF4B-00C04F79EFBC}") = "OOP2", "OOP2\OOP2.csproj", "{1D2847EB-4A25-4056-966E-F7D4D799C8AA}"
EndProject
Project("{FAE04EC0-301F-11D3-BF4B-00C04F79EFBC}") = "OOPThree", "OOPThree\OOPThree.csproj", "{5BC45BA3-A40F-4A4E-BB7B-5376507BAFA7}"
EndProject
Project("{FAE04EC0-301F-11D3-BF4B-00C04F79EFBC}") = "GetNSetsDetails", "GetNSetsDetails\GetNSetsDetails.csproj", "{EBAA52D1-C2ED-480E-9FEF-6866C80FDDC3}"
EndProject
Project("{FAE04EC0-301F-11D3-BF4B-00C04F79EFBC}") = "MultipleImplementation", "MultipleImplementation\MultipleImplementation.csproj", "{C84E4BD7-A3F5-491D-A2C0-B4955BB90E02}"
EndProject
Project("{FAE04EC0-301F-11D3-BF4B-00C04F79EFBC}") = "DifferenceBetweenInheritanceAndInterface", "DifferenceBetweenInheritanceAndInterface\DifferenceBetweenInheritanceAndInterface.csproj", "{09A731CD-3644-475D-99D2-F8900375DCA6}"
EndProject
Global
	GlobalSection(SolutionConfigurationPlatforms) = preSolution
		Debug|anycpu = Debug|anycpu
		Release|anycpu = Release|anycpu
	EndGlobalSection
	GlobalSection(ProjectConfigurationPlatforms) = postSolution
		{97D1060F-ECD6-4937-85E9-FA5044D2548B}.Debug|anycpu.ActiveCfg = Debug|anycpu
		{97D1060F-ECD6-4937-85E9-FA5044D2548B}.Debug|anycpu.Build.0 = Debug|anycpu
		{97D1060F-ECD6-4937-85E9-FA5044D2548B}.Release|anycpu.ActiveCfg = Release|anycpu
		{97D1060F-ECD6-4937-85E9-FA5044D2548B}.Release|anycpu.Build.0 = Release|anycpu
		{5D675BE5-AA5F-4C40-BFB9-895648F301DA}.Debug|anycpu.ActiveCfg = Debug|anycpu
		{5D675BE5-AA5F-4C40-BFB9-895648F301DA}.Debug|anycpu.Build.0 = Debug|anycpu
		{5D675BE5-AA5F-4C40-BFB9-895648F301DA}.Release|anycpu.ActiveCfg = Release|anycpu
		{5D675BE5-AA5F-4C40-BFB9-895648F301DA}.Release|anycpu.Build.0 = Release|anycpu
		{2D99968D-4584-4CEB-B439-D5753EDD863C}.Debug|anycpu.ActiveCfg = Debug|anycpu
		{2D99968D-4584-4CEB-B439-D5753EDD863C}.Debug|anycpu.Build.0 = Debug|anycpu
		{2D99968D-4584-4CEB-B439-D5753EDD863C}.Release|anycpu.ActiveCfg = Release|anycpu
		{2D99968D-4584-4CEB-B439-D5753EDD863C}.Release|anycpu.Build.0 = Release|anycpu
		{4951EBBE-6948-4022-934C-B4383924F4DD}.Debug|anycpu.ActiveCfg = Debug|anycpu
		{4951EBBE-6948-4022-934C-B4383924F4DD}.Debug|anycpu.Build.0 = Debug|anycpu
		{4951EBBE-6948-4022-934C-B4383924F4DD}.Release|anycpu.ActiveCfg = Release|anycpu
		{4951EBBE-6948-4022-934C-B4383924F4DD}.Release|anycpu.Build.0 = Release|anycpu
		{36B7E494-0A47-466B-B1CB-D9A749DB1362}.Debug|anycpu.ActiveCfg = Debug|anycpu
		{36B7E494-0A47-466B-B1CB-D9A749DB1362}.Debug|anycpu.Build.0 = Debug|anycpu
		{36B7E494-0A47-466B-B1CB-D9A749DB1362}.Release|anycpu.ActiveCfg = Release|anycpu
		{36B7E494-0A47-466B-B1CB-D9A749DB1362}.Release|anycpu.Build.0 = Release|anycpu
		{FCA05627-3031-488A-BE1B-01FAF2FC51DD}.Debug|anycpu.ActiveCfg = Debug|anycpu
		{FCA05627-3031-488A-BE1B-01FAF2FC51DD}.Debug|anycpu.Build.0 = Debug|anycpu
		{FCA05627-3031-488A-BE1B-01FAF2FC51DD}.Release|anycpu.ActiveCfg = Release|anycpu
		{FCA05627-3031-488A-BE1B-01FAF2FC51DD}.Release|anycpu.Build.0 = Release|anycpu
		{E86C393E-9D8C-4CF5-B962-57EAB15460FF}.Debug|anycpu.ActiveCfg = Debug|anycpu
		{E86C393E-9D8C-4CF5-B962-57EAB15460FF}.Debug|anycpu.Build.0 = Debug|anycpu
		{E86C393E-9D8C-4CF5-B962-57EAB15460FF}.Release|anycpu.ActiveCfg = Release|anycpu
		{E86C393E-9D8C-4CF5-B962-57EAB15460FF}.Release|anycpu.Build.0 = Release|anycpu
		{2D49D667-BCBE-44E8-BEA9-59A4213B5167}.Debug|anycpu.ActiveCfg = Debug|anycpu
		{2D49D667-BCBE-44E8-BEA9-59A4213B5167}.Debug|anycpu.Build.0 = Debug|anycpu
		{2D49D667-BCBE-44E8-BEA9-59A4213B5167}.Release|anycpu.ActiveCfg = Release|anycpu
		{2D49D667-BCBE-44E8-BEA9-59A4213B5167}.Release|anycpu.Build.0 = Release|anycpu
		{392D68FC-20F8-4249-B596-C21124C553A5}.Debug|anycpu.ActiveCfg = Debug|anycpu
		{392D68FC-20F8-4249-B596-C21124C553A5}.Debug|anycpu.Build.0 = Debug|anycpu
		{392D68FC-20F8-4249-B596-C21124C553A5}.Release|anycpu.ActiveCfg = Release|anycpu
		{392D68FC-20F8-4249-B596-C21124C553A5}.Release|anycpu.Build.0 = Release|anycpu
		{FBB8C91B-547F-4D2F-8295-5C6EF7CCB797}.Debug|anycpu.ActiveCfg = Debug|anycpu
		{FBB8C91B-547F-4D2F-8295-5C6EF7CCB797}.Debug|anycpu.Build.0 = Debug|anycpu
		{FBB8C91B-547F-4D2F-8295-5C6EF7CCB797}.Release|anycpu.ActiveCfg = Release|anycpu
		{FBB8C91B-547F-4D2F-8295-5C6EF7CCB797}.Release|anycpu.Build.0 = Release|anycpu
		{E83441EB-F23A-4B1F-869D-7D5C0EEB18BD}.Debug|anycpu.ActiveCfg = Debug|anycpu
		{E83441EB-F23A-4B1F-869D-7D5C0EEB18BD}.Debug|anycpu.Build.0 = Debug|anycpu
		{E83441EB-F23A-4B1F-869D-7D5C0EEB18BD}.Release|anycpu.ActiveCfg = Release|anycpu
		{E83441EB-F23A-4B1F-869D-7D5C0EEB18BD}.Release|anycpu.Build.0 = Release|anycpu
		{1D2847EB-4A25-4056-966E-F7D4D799C8AA}.Debug|anycpu.ActiveCfg = Debug|anycpu
		{1D2847EB-4A25-4056-966E-F7D4D799C8AA}.Debug|anycpu.Build.0 = Debug|anycpu
		{1D2847EB-4A25-4056-966E-F7D4D799C8AA}.Release|anycpu.ActiveCfg = Release|anycpu
		{1D2847EB-4A25-4056-966E-F7D4D799C8AA}.Release|anycpu.Build.0 = Release|anycpu
		{5BC45BA3-A40F-4A4E-BB7B-5376507BAFA7}.Debug|anycpu.ActiveCfg = Debug|anycpu
		{5BC45BA3-A40F-4A4E-BB7B-5376507BAFA7}.Debug|anycpu.Build.0 = Debug|anycpu
		{5BC45BA3-A40F-4A4E-BB7B-5376507BAFA7}.Release|anycpu.ActiveCfg = Release|anycpu
		{5BC45BA3-A40F-4A4E-BB7B-5376507BAFA7}.Release|anycpu.Build.0 = Release|anycpu
		{EBAA52D1-C2ED-480E-9FEF-6866C80FDDC3}.Debug|anycpu.ActiveCfg = Debug|anycpu
		{EBAA52D1-C2ED-480E-9FEF-6866C80FDDC3}.Debug|anycpu.Build.0 = Debug|anycpu
		{EBAA52D1-C2ED-480E-9FEF-6866C80FDDC3}.Release|anycpu.ActiveCfg = Release|anycpu
		{EBAA52D1-C2ED-480E-9FEF-6866C80FDDC3}.Release|anycpu.Build.0 = Release|anycpu
		{C84E4BD7-A3F5-491D-A2C0-B4955BB90E02}.Debug|anycpu.ActiveCfg = Debug|anycpu
		{C84E4BD7-A3F5-491D-A2C0-B4955BB90E02}.Debug|anycpu.Build.0 = Debug|anycpu
		{C84E4BD7-A3F5-491D-A2C0-B4955BB90E02}.Release|anycpu.ActiveCfg = Release|anycpu
		{C84E4BD7-A3F5-491D-A2C0-B4955BB90E02}.Release|anycpu.Build.0 = Release|anycpu
		{09A731CD-3644-475D-99D2-F8900375DCA6}.Debug|anycpu.ActiveCfg = Debug|anycpu
		{09A731CD-3644-475D-99D2-F8900375DCA6}.Debug|anycpu.Build.0 = Debug|anycpu
		{09A731CD-3644-475D-99D2-F8900375DCA6}.Release|anycpu.ActiveCfg = Release|anycpu
		{09A731CD-3644-475D-99D2-F8900375DCA6}.Release|anycpu.Build.0 = Release|anycpu
	EndGlobalSection
	GlobalSection(SolutionProperties) = preSolution
		HideSolutionNode = FALSE
	EndGlobalSection
	GlobalSection(ExtensibilityGlobals) = postSolution
		SolutionGuid = {CD244885-9494-4503-AC59-25A2C77A378B}
	EndGlobalSection
EndGlobal
